
Microsoft Visual Studio Solution File, Format Version 12.00
# Visual Studio Version 16
VisualStudioVersion = 16.0.30204.135
MinimumVisualStudioVersion = 10.0.40219.1
Project("{FAE04EC0-301F-11D3-BF4B-00C04F79EFBC}") = "TwitchBot", "TwitchBot\TwitchBot.csproj", "{F583D5C5-9223-4148-8135-CB8591A89EA0}"
EndProject
Global
	GlobalSection(SolutionConfigurationPlatforms) = preSolution
		Debug|Any CPU = Debug|Any CPU
		Release|Any CPU = Release|Any CPU
	EndGlobalSection
	GlobalSection(ProjectConfigurationPlatforms) = postSolution
		{F583D5C5-9223-4148-8135-CB8591A89EA0}.Debug|Any CPU.ActiveCfg = Debug|Any CPU
		{F583D5C5-9223-4148-8135-CB8591A89EA0}.Debug|Any CPU.Build.0 = Debug|Any CPU
		{F583D5C5-9223-4148-8135-CB8591A89EA0}.Release|Any CPU.ActiveCfg = Release|Any CPU
		{F583D5C5-9223-4148-8135-CB8591A89EA0}.Release|Any CPU.Build.0 = Release|Any CPU
	EndGlobalSection
	GlobalSection(SolutionProperties) = preSolution
		HideSolutionNode = FALSE
	EndGlobalSection
	GlobalSection(ExtensibilityGlobals) = postSolution
		SolutionGuid = {F16FC027-836C-4A0A-A75F-CAA0FCB9A5DD}
	EndGlobalSection
EndGlobal
